
Microsoft Visual Studio Solution File, Format Version 12.00
# Visual Studio 15
VisualStudioVersion = 15.0.28307.1800
MinimumVisualStudioVersion = 10.0.40219.1
Project("{8BC9CEB8-8B4A-11D0-8D11-00A0C91BC942}") = "Hex_Game", "Hex_Game\Hex_Game.vcxproj", "{96861139-7B5A-4FF7-AD0A-D9CB0242E50A}"
EndProject
Global
	GlobalSection(SolutionConfigurationPlatforms) = preSolution
		Debug|x64 = Debug|x64
		Debug|x86 = Debug|x86
		Release|x64 = Release|x64
		Release|x86 = Release|x86
	EndGlobalSection
	GlobalSection(ProjectConfigurationPlatforms) = postSolution
		{96861139-7B5A-4FF7-AD0A-D9CB0242E50A}.Debug|x64.ActiveCfg = Debug|x64
		{96861139-7B5A-4FF7-AD0A-D9CB0242E50A}.Debug|x64.Build.0 = Debug|x64
		{96861139-7B5A-4FF7-AD0A-D9CB0242E50A}.Debug|x86.ActiveCfg = Debug|Win32
		{96861139-7B5A-4FF7-AD0A-D9CB0242E50A}.Debug|x86.Build.0 = Debug|Win32
		{96861139-7B5A-4FF7-AD0A-D9CB0242E50A}.Release|x64.ActiveCfg = Release|x64
		{96861139-7B5A-4FF7-AD0A-D9CB0242E50A}.Release|x64.Build.0 = Release|x64
		{96861139-7B5A-4FF7-AD0A-D9CB0242E50A}.Release|x86.ActiveCfg = Release|Win32
		{96861139-7B5A-4FF7-AD0A-D9CB0242E50A}.Release|x86.Build.0 = Release|Win32
	EndGlobalSection
	GlobalSection(SolutionProperties) = preSolution
		HideSolutionNode = FALSE
	EndGlobalSection
	GlobalSection(ExtensibilityGlobals) = postSolution
		SolutionGuid = {ED61D677-DAC0-4F98-9D4A-847B9EE51A71}
	EndGlobalSection
EndGlobal
